
Microsoft Visual Studio Solution File, Format Version 12.00
# Visual Studio Version 16
VisualStudioVersion = 16.0.30320.27
MinimumVisualStudioVersion = 10.0.40219.1
Project("{FAE04EC0-301F-11D3-BF4B-00C04F79EFBC}") = "StartupManagerSoftpcapps", "StartupManagerSoftpcapps\StartupManagerSoftpcapps.csproj", "{82D4D736-81BF-4550-91A4-2F2C1DF90C3A}"
EndProject
Global
	GlobalSection(SolutionConfigurationPlatforms) = preSolution
		Debug|Any CPU = Debug|Any CPU
		Release|Any CPU = Release|Any CPU
	EndGlobalSection
	GlobalSection(ProjectConfigurationPlatforms) = postSolution
		{82D4D736-81BF-4550-91A4-2F2C1DF90C3A}.Debug|Any CPU.ActiveCfg = Debug|Any CPU
		{82D4D736-81BF-4550-91A4-2F2C1DF90C3A}.Debug|Any CPU.Build.0 = Debug|Any CPU
		{82D4D736-81BF-4550-91A4-2F2C1DF90C3A}.Release|Any CPU.ActiveCfg = Release|Any CPU
		{82D4D736-81BF-4550-91A4-2F2C1DF90C3A}.Release|Any CPU.Build.0 = Release|Any CPU
	EndGlobalSection
	GlobalSection(SolutionProperties) = preSolution
		HideSolutionNode = FALSE
	EndGlobalSection
	GlobalSection(ExtensibilityGlobals) = postSolution
		SolutionGuid = {3CBF3083-EF50-44CC-829C-5E1CF3279AC3}
	EndGlobalSection
EndGlobal
